# This file is autogenerated, do not edit; changes may be undone by the next 'dep ensure'.


[[projects]]
  name = "github.com/fatih/structs"
  packages = ["."]
  revision = "a720dfa8df582c51dee1b36feabb906bde1588bd"
  version = "v1.0"

[[projects]]
  name = "github.com/go-pg/pg"
  packages = [
    ".",
    "internal",
    "internal/parser",
    "internal/pool",
    "orm",
    "types"
  ]
  revision = "8c7fa0eed0d9e9d07fca2cc9e08e3171da0521d5"
  version = "v6.13.5"

[[projects]]
  name = "github.com/jinzhu/gorm"
  packages = ["dialects/postgres"]
  revision = "6ed508ec6a4ecb3531899a69cbc746ccf65a4166"
  version = "v1.9.1"

[[projects]]
  branch = "master"
  name = "github.com/jinzhu/inflection"
  packages = ["."]
  revision = "04140366298a54a039076d798123ffa108fff46c"

[[projects]]
  branch = "master"
  name = "github.com/lib/pq"
  packages = [
    ".",
    "hstore",
    "oid"
  ]
  revision = "90697d60dd844d5ef6ff15135d0203f65d2f53b8"

[[projects]]
  branch = "master"
  name = "github.com/toferc/oneroll"
  packages = ["."]
  revision = "a8166679d3db43a31490cb97fe7cfe2075e7ea90"

[solve-meta]
  analyzer-name = "dep"
  analyzer-version = 1
  inputs-digest = "03c1be31da77a4fd31ed203966922fedcff0a3b50283d0d6d6cae8f5e911e64e"
  solver-name = "gps-cdcl"
  solver-version = 1
