# This file is autogenerated, do not edit; changes may be undone by the next 'dep ensure'.


[[projects]]
  branch = "master"
  name = "github.com/toferc/oneroll"
  packages = ["."]
  revision = "22f285d513ae6e562ab6091cd4c7137b2dd4eab2"

[solve-meta]
  analyzer-name = "dep"
  analyzer-version = 1
  inputs-digest = "67cfa23ca530c1c4176160bd7a7ba79bb0a6fccca8461864d3ae4bd94bad82ee"
  solver-name = "gps-cdcl"
  solver-version = 1
